
Microsoft Visual Studio Solution File, Format Version 12.00
# Visual Studio Version 16
VisualStudioVersion = 16.0.30517.126
MinimumVisualStudioVersion = 10.0.40219.1
Project("{FAE04EC0-301F-11D3-BF4B-00C04F79EFBC}") = "LanguageLibrary", "LanguagePracticeProgram\LanguageLibrary.csproj", "{B83E7D72-FC0D-409D-BA15-72AF81147134}"
EndProject
Project("{FAE04EC0-301F-11D3-BF4B-00C04F79EFBC}") = "LanguagePracticeConsole", "LanguagePracticeConsole\LanguagePracticeConsole.csproj", "{8C9516FF-2B6A-4260-BB45-E335AD5BF5DF}"
EndProject
Project("{FAE04EC0-301F-11D3-BF4B-00C04F79EFBC}") = "LanguagePracticeWinform", "LanguagePracticeWinform\LanguagePracticeWinform.csproj", "{1160A806-2FDF-4559-B28B-5E04A6B5ED8E}"
EndProject
Global
	GlobalSection(SolutionConfigurationPlatforms) = preSolution
		Debug|Any CPU = Debug|Any CPU
		Release|Any CPU = Release|Any CPU
	EndGlobalSection
	GlobalSection(ProjectConfigurationPlatforms) = postSolution
		{B83E7D72-FC0D-409D-BA15-72AF81147134}.Debug|Any CPU.ActiveCfg = Debug|Any CPU
		{B83E7D72-FC0D-409D-BA15-72AF81147134}.Debug|Any CPU.Build.0 = Debug|Any CPU
		{B83E7D72-FC0D-409D-BA15-72AF81147134}.Release|Any CPU.ActiveCfg = Release|Any CPU
		{B83E7D72-FC0D-409D-BA15-72AF81147134}.Release|Any CPU.Build.0 = Release|Any CPU
		{8C9516FF-2B6A-4260-BB45-E335AD5BF5DF}.Debug|Any CPU.ActiveCfg = Debug|Any CPU
		{8C9516FF-2B6A-4260-BB45-E335AD5BF5DF}.Debug|Any CPU.Build.0 = Debug|Any CPU
		{8C9516FF-2B6A-4260-BB45-E335AD5BF5DF}.Release|Any CPU.ActiveCfg = Release|Any CPU
		{8C9516FF-2B6A-4260-BB45-E335AD5BF5DF}.Release|Any CPU.Build.0 = Release|Any CPU
		{1160A806-2FDF-4559-B28B-5E04A6B5ED8E}.Debug|Any CPU.ActiveCfg = Debug|Any CPU
		{1160A806-2FDF-4559-B28B-5E04A6B5ED8E}.Debug|Any CPU.Build.0 = Debug|Any CPU
		{1160A806-2FDF-4559-B28B-5E04A6B5ED8E}.Release|Any CPU.ActiveCfg = Release|Any CPU
		{1160A806-2FDF-4559-B28B-5E04A6B5ED8E}.Release|Any CPU.Build.0 = Release|Any CPU
	EndGlobalSection
	GlobalSection(SolutionProperties) = preSolution
		HideSolutionNode = FALSE
	EndGlobalSection
	GlobalSection(ExtensibilityGlobals) = postSolution
		SolutionGuid = {7EEA022F-BF37-4622-9335-DE39DBA3A734}
	EndGlobalSection
EndGlobal
